{
  "name": "employee-portal",
  "version": "0.0.0",
  "lockfileVersion": 1,
  "requires": true,
  "dependencies": {
    "accepts": {
      "version": "1.1.4",
      "resolved": "https://registry.npmjs.org/accepts/-/accepts-1.1.4.tgz",
      "integrity": "sha1-1xyW99QdD+2iw4zRToonwEFY30o=",
      "requires": {
        "mime-types": "2.0.14",
        "negotiator": "0.4.9"
      }
    },
    "bignumber.js": {
      "version": "4.0.4",
      "resolved": "https://registry.npmjs.org/bignumber.js/-/bignumber.js-4.0.4.tgz",
      "integrity": "sha512-LDXpJKVzEx2/OqNbG9mXBNvHuiRL4PzHCGfnANHMJ+fv68Ads3exDVJeGDJws+AoNEuca93bU3q+S0woeUaCdg=="
    },
    "body-parser": {
      "version": "1.8.4",
      "resolved": "https://registry.npmjs.org/body-parser/-/body-parser-1.8.4.tgz",
      "integrity": "sha1-1JfgS8E7P5qL2McLsM3Bby4CiJg=",
      "requires": {
        "bytes": "1.0.0",
        "depd": "0.4.5",
        "iconv-lite": "0.4.4",
        "media-typer": "0.3.0",
        "on-finished": "2.1.0",
        "qs": "2.2.4",
        "raw-body": "1.3.0",
        "type-is": "1.5.7"
      },
      "dependencies": {
        "bytes": {
          "version": "1.0.0",
          "resolved": "https://registry.npmjs.org/bytes/-/bytes-1.0.0.tgz",
          "integrity": "sha1-NWnt6Lo0MV+rmcPpLLBMciDeH6g="
        },
        "content-type": {
          "version": "https://registry.npmjs.org/content-type/-/content-type-1.0.2.tgz",
          "integrity": "sha1-t9ETrueo3Se9IRM8TcJSnfFyHu0="
        },
        "debug": {
          "version": "https://registry.npmjs.org/debug/-/debug-2.2.0.tgz",
          "integrity": "sha1-+HBX6ZWxofauaklgZkE3vFbwOdo=",
          "requires": {
            "ms": "0.7.1"
          },
          "dependencies": {
            "ms": {
              "version": "0.7.1",
              "resolved": "https://registry.npmjs.org/ms/-/ms-0.7.1.tgz",
              "integrity": "sha1-nNE8A62/8ltl7/3nzoZO6VIBcJg="
            }
          }
        },
        "depd": {
          "version": "0.4.5",
          "resolved": "https://registry.npmjs.org/depd/-/depd-0.4.5.tgz",
          "integrity": "sha1-GmZLUziLSmVz6K5ntfdnxpPKl/E="
        },
        "http-errors": {
          "version": "https://registry.npmjs.org/http-errors/-/http-errors-1.5.0.tgz",
          "integrity": "sha1-scs9gmD9jiOGytMYkEWUM3LUghE=",
          "requires": {
            "inherits": "2.0.1",
            "setprototypeof": "1.0.1",
            "statuses": "1.3.0"
          },
          "dependencies": {
            "inherits": {
              "version": "2.0.1",
              "resolved": "https://registry.npmjs.org/inherits/-/inherits-2.0.1.tgz",
              "integrity": "sha1-sX0I0ya0Qj5Wjv9xn5GwscvfafE="
            },
            "setprototypeof": {
              "version": "1.0.1",
              "resolved": "https://registry.npmjs.org/setprototypeof/-/setprototypeof-1.0.1.tgz",
              "integrity": "sha1-UgCbJ4iMTcSPWRlJwKgnWDTByn4="
            },
            "statuses": {
              "version": "1.3.0",
              "resolved": "https://registry.npmjs.org/statuses/-/statuses-1.3.0.tgz",
              "integrity": "sha1-jlV1jLIOdoLB9Pzo3KswvwHR4Ho="
            }
          }
        },
        "iconv-lite": {
          "version": "0.4.4",
          "resolved": "https://registry.npmjs.org/iconv-lite/-/iconv-lite-0.4.4.tgz",
          "integrity": "sha1-6V8uQdsHNfwhZS94J6XuMuY8g6g="
        },
        "on-finished": {
          "version": "2.1.0",
          "resolved": "https://registry.npmjs.org/on-finished/-/on-finished-2.1.0.tgz",
          "integrity": "sha1-DFOfCSkej/rd4MiiWFD7LO3HAi0=",
          "requires": {
            "ee-first": "1.0.5"
          }
        },
        "qs": {
          "version": "2.2.4",
          "resolved": "https://registry.npmjs.org/qs/-/qs-2.2.4.tgz",
          "integrity": "sha1-Lp+800tUDjQhySTs0B6QqpdTGcg="
        },
        "raw-body": {
          "version": "1.3.0",
          "resolved": "https://registry.npmjs.org/raw-body/-/raw-body-1.3.0.tgz",
          "integrity": "sha1-l4IwoValVI9C7vFN4i0PT2EAg9E=",
          "requires": {
            "bytes": "1.0.0",
            "iconv-lite": "0.4.4"
          },
          "dependencies": {
            "unpipe": {
              "version": "https://registry.npmjs.org/unpipe/-/unpipe-1.0.0.tgz",
              "integrity": "sha1-sr9O6FFKrmFltIF4KdIbLvSZBOw="
            }
          }
        },
        "type-is": {
          "version": "1.5.7",
          "resolved": "https://registry.npmjs.org/type-is/-/type-is-1.5.7.tgz",
          "integrity": "sha1-uTaKWTzG730GReeLL0xky+zQXpA=",
          "requires": {
            "media-typer": "0.3.0",
            "mime-types": "2.0.14"
          }
        }
      }
    },
    "bson": {
      "version": "1.0.6",
      "resolved": "https://registry.npmjs.org/bson/-/bson-1.0.6.tgz",
      "integrity": "sha512-D8zmlb46xfuK2gGvKmUjIklQEouN2nQ0LEHHeZ/NoHM2LDiMk2EYzZ5Ntw/Urk+bgMDosOZxaRzXxvhI5TcAVQ=="
    },
    "buffer-shims": {
      "version": "1.0.0",
      "resolved": "https://registry.npmjs.org/buffer-shims/-/buffer-shims-1.0.0.tgz",
      "integrity": "sha1-mXjOMXOIxkmth5MCjDR37wRKi1E="
    },
    "consolidate": {
      "version": "0.14.5",
      "resolved": "https://registry.npmjs.org/consolidate/-/consolidate-0.14.5.tgz",
      "integrity": "sha1-WiUEe8dvcwcmZ8jLUsmJiI9JTGM=",
      "requires": {
        "bluebird": "3.5.0"
      },
      "dependencies": {
        "bluebird": {
          "version": "3.5.0",
          "resolved": "https://registry.npmjs.org/bluebird/-/bluebird-3.5.0.tgz",
          "integrity": "sha1-eRQg1/VR7qKJdFOop3ZT+WYG1nw="
        }
      }
    },
    "cookie": {
      "version": "0.1.2",
      "resolved": "https://registry.npmjs.org/cookie/-/cookie-0.1.2.tgz",
      "integrity": "sha1-cv7D0k5Io0Mgc9kMEmQgBQYQBLE="
    },
    "cookie-parser": {
      "version": "1.3.5",
      "resolved": "https://registry.npmjs.org/cookie-parser/-/cookie-parser-1.3.5.tgz",
      "integrity": "sha1-nXVVcPtdF4kHcSJ6AjFNm+fPg1Y=",
      "requires": {
        "cookie": "0.1.3",
        "cookie-signature": "1.0.6"
      },
      "dependencies": {
        "cookie": {
          "version": "0.1.3",
          "resolved": "https://registry.npmjs.org/cookie/-/cookie-0.1.3.tgz",
          "integrity": "sha1-5zSlwUF/zkctWu+Cw4HKu2TRpDU="
        },
        "cookie-signature": {
          "version": "1.0.6",
          "resolved": "https://registry.npmjs.org/cookie-signature/-/cookie-signature-1.0.6.tgz",
          "integrity": "sha1-4wOogrNCzD7oylE6eZmXNNqzriw="
        }
      }
    },
    "cookie-signature": {
      "version": "1.0.5",
      "resolved": "https://registry.npmjs.org/cookie-signature/-/cookie-signature-1.0.5.tgz",
      "integrity": "sha1-oSLj8VA+yg9TVXlbBxG7I2jUUPk="
    },
    "core-util-is": {
      "version": "1.0.2",
      "resolved": "https://registry.npmjs.org/core-util-is/-/core-util-is-1.0.2.tgz",
      "integrity": "sha1-tf1UIgqivFq1eqtxQMlAdUUDwac="
    },
    "crc": {
      "version": "3.0.0",
      "resolved": "https://registry.npmjs.org/crc/-/crc-3.0.0.tgz",
      "integrity": "sha1-0R6X7ESoROXrFadPoseHXQqsSyI="
    },
    "debug": {
      "version": "2.0.0",
      "resolved": "https://registry.npmjs.org/debug/-/debug-2.0.0.tgz",
      "integrity": "sha1-ib2d9nMrUSVrxnBTQrugLtEhMe8=",
      "requires": {
        "ms": "0.6.2"
      },
      "dependencies": {
        "ms": {
          "version": "0.6.2",
          "resolved": "https://registry.npmjs.org/ms/-/ms-0.6.2.tgz",
          "integrity": "sha1-2JwhJMb9wTU9Zai3e/GqxLGTcIw="
        }
      }
    },
    "depd": {
      "version": "0.4.5",
      "resolved": "https://registry.npmjs.org/depd/-/depd-0.4.5.tgz",
      "integrity": "sha1-GmZLUziLSmVz6K5ntfdnxpPKl/E="
    },
    "destroy": {
      "version": "1.0.3",
      "resolved": "https://registry.npmjs.org/destroy/-/destroy-1.0.3.tgz",
      "integrity": "sha1-tDO0ck5x/YVR2YhRdIUcX8N34sk="
    },
    "ee-first": {
      "version": "1.0.5",
      "resolved": "https://registry.npmjs.org/ee-first/-/ee-first-1.0.5.tgz",
      "integrity": "sha1-jJshKJjYzZ8alDZlDOe+ICyen/A="
    },
    "es6-promise": {
      "version": "3.2.1",
      "resolved": "https://registry.npmjs.org/es6-promise/-/es6-promise-3.2.1.tgz",
      "integrity": "sha1-7FYjOGgDKQkgcXDDlEjiREndH8Q="
    },
    "escape-html": {
      "version": "1.0.1",
      "resolved": "https://registry.npmjs.org/escape-html/-/escape-html-1.0.1.tgz",
      "integrity": "sha1-GBoobq05ejmpKFfPsdQwUuNWv/A="
    },
    "etag": {
      "version": "1.4.0",
      "resolved": "https://registry.npmjs.org/etag/-/etag-1.4.0.tgz",
      "integrity": "sha1-MFCZFhWFdwfAQRnQdbogiOBwEiU=",
      "requires": {
        "crc": "3.0.0"
      }
    },
    "express": {
      "version": "4.9.8",
      "resolved": "https://registry.npmjs.org/express/-/express-4.9.8.tgz",
      "integrity": "sha1-82D1lrrqu9DlIjtgPW61eNnS0Q0=",
      "requires": {
        "accepts": "1.1.4",
        "cookie": "0.1.2",
        "cookie-signature": "1.0.5",
        "debug": "2.0.0",
        "depd": "0.4.5",
        "escape-html": "1.0.1",
        "etag": "1.4.0",
        "finalhandler": "0.2.0",
        "fresh": "0.2.4",
        "media-typer": "0.3.0",
        "merge-descriptors": "0.0.2",
        "methods": "1.1.0",
        "on-finished": "2.1.1",
        "parseurl": "1.3.2",
        "path-to-regexp": "0.1.3",
        "proxy-addr": "1.0.10",
        "qs": "2.2.4",
        "range-parser": "1.0.3",
        "send": "0.9.3",
        "serve-static": "1.6.5",
        "type-is": "1.5.7",
        "utils-merge": "1.0.0",
        "vary": "1.0.1"
      }
    },
    "finalhandler": {
      "version": "0.2.0",
      "resolved": "https://registry.npmjs.org/finalhandler/-/finalhandler-0.2.0.tgz",
      "integrity": "sha1-eUCCQksX9qSyoO2jn522lI7kvo0=",
      "requires": {
        "debug": "2.0.0",
        "escape-html": "1.0.1"
      }
    },
    "forwarded": {
      "version": "0.1.2",
      "resolved": "https://registry.npmjs.org/forwarded/-/forwarded-0.1.2.tgz",
      "integrity": "sha1-mMI9qxF1ZXuMBXPozszZGw/xjIQ="
    },
    "fresh": {
      "version": "0.2.4",
      "resolved": "https://registry.npmjs.org/fresh/-/fresh-0.2.4.tgz",
      "integrity": "sha1-NYJJkgbJcjcUGQ7ddLRgT+tKYUw="
    },
    "inherits": {
      "version": "2.0.3",
      "resolved": "https://registry.npmjs.org/inherits/-/inherits-2.0.3.tgz",
      "integrity": "sha1-Yzwsg+PaQqUC9SRmAiSA9CCCYd4="
    },
    "ipaddr.js": {
      "version": "1.0.5",
      "resolved": "https://registry.npmjs.org/ipaddr.js/-/ipaddr.js-1.0.5.tgz",
      "integrity": "sha1-X6eM8wG4JceKvDBC2BJyMEnqI8c="
    },
    "isarray": {
      "version": "1.0.0",
      "resolved": "https://registry.npmjs.org/isarray/-/isarray-1.0.0.tgz",
      "integrity": "sha1-u5NdSFgsuhaMBoNJV6VKPgcSTxE="
    },
    "jade": {
      "version": "1.6.0",
      "resolved": "https://registry.npmjs.org/jade/-/jade-1.6.0.tgz",
      "integrity": "sha1-wCVAzZexAU2zwVdDdGvD3NVBcPk=",
      "requires": {
        "character-parser": "1.2.0",
        "commander": "2.1.0",
        "constantinople": "2.0.1",
        "mkdirp": "0.5.1",
        "monocle": "1.1.51",
        "transformers": "2.1.0",
        "void-elements": "1.0.0",
        "with": "3.0.1"
      },
      "dependencies": {
        "character-parser": {
          "version": "1.2.0",
          "resolved": "https://registry.npmjs.org/character-parser/-/character-parser-1.2.0.tgz",
          "integrity": "sha1-lBNNbl2HCjm+NZ99IkYJNRhN3vY="
        },
        "commander": {
          "version": "2.1.0",
          "resolved": "https://registry.npmjs.org/commander/-/commander-2.1.0.tgz",
          "integrity": "sha1-0SG7roYNmZKj1Re6lvVliOR8Z4E="
        },
        "constantinople": {
          "version": "2.0.1",
          "resolved": "https://registry.npmjs.org/constantinople/-/constantinople-2.0.1.tgz",
          "integrity": "sha1-WCn4VvMBqb2xB9k1932OuMzsTHk=",
          "requires": {
            "uglify-js": "2.4.24"
          },
          "dependencies": {
            "uglify-js": {
              "version": "2.4.24",
              "resolved": "https://registry.npmjs.org/uglify-js/-/uglify-js-2.4.24.tgz",
              "integrity": "sha1-+tV1XB4Vd2WLsG/5q25UjJW+vW4=",
              "requires": {
                "async": "0.2.10",
                "source-map": "0.1.34",
                "uglify-to-browserify": "1.0.2",
                "yargs": "3.5.4"
              },
              "dependencies": {
                "async": {
                  "version": "0.2.10",
                  "resolved": "https://registry.npmjs.org/async/-/async-0.2.10.tgz",
                  "integrity": "sha1-trvgsGdLnXGXCMo43owjfLUmw9E="
                },
                "source-map": {
                  "version": "0.1.34",
                  "resolved": "https://registry.npmjs.org/source-map/-/source-map-0.1.34.tgz",
                  "integrity": "sha1-p8/omux7FoLDsZjQrPtH19CQVms=",
                  "requires": {
                    "amdefine": "1.0.1"
                  },
                  "dependencies": {
                    "amdefine": {
                      "version": "1.0.1",
                      "resolved": "https://registry.npmjs.org/amdefine/-/amdefine-1.0.1.tgz",
                      "integrity": "sha1-SlKCrBZHKek2Gbz9OtFR+BfOkfU="
                    }
                  }
                },
                "uglify-to-browserify": {
                  "version": "1.0.2",
                  "resolved": "https://registry.npmjs.org/uglify-to-browserify/-/uglify-to-browserify-1.0.2.tgz",
                  "integrity": "sha1-bgkk1r2mta/jSeOabWMoUKD4grc="
                },
                "yargs": {
                  "version": "3.5.4",
                  "resolved": "https://registry.npmjs.org/yargs/-/yargs-3.5.4.tgz",
                  "integrity": "sha1-2K/49mXpTDS9JZvevRv68N3TU2E=",
                  "requires": {
                    "camelcase": "1.2.1",
                    "decamelize": "1.2.0",
                    "window-size": "0.1.0",
                    "wordwrap": "0.0.2"
                  },
                  "dependencies": {
                    "camelcase": {
                      "version": "1.2.1",
                      "resolved": "https://registry.npmjs.org/camelcase/-/camelcase-1.2.1.tgz",
                      "integrity": "sha1-m7UwTS4LVmmLLHWLCKPqqdqlijk="
                    },
                    "decamelize": {
                      "version": "1.2.0",
                      "resolved": "https://registry.npmjs.org/decamelize/-/decamelize-1.2.0.tgz",
                      "integrity": "sha1-9lNNFRSCabIDUue+4m9QH5oZEpA="
                    },
                    "window-size": {
                      "version": "0.1.0",
                      "resolved": "https://registry.npmjs.org/window-size/-/window-size-0.1.0.tgz",
                      "integrity": "sha1-VDjNLqk7IC76Ohn+iIeu58lPnJ0="
                    },
                    "wordwrap": {
                      "version": "0.0.2",
                      "resolved": "https://registry.npmjs.org/wordwrap/-/wordwrap-0.0.2.tgz",
                      "integrity": "sha1-t5Zpu0LstAn4PVg8rVLKF+qhZD8="
                    }
                  }
                }
              }
            }
          }
        },
        "mkdirp": {
          "version": "0.5.1",
          "resolved": "https://registry.npmjs.org/mkdirp/-/mkdirp-0.5.1.tgz",
          "integrity": "sha1-MAV0OOrGz3+MR2fzhkjWaX11yQM=",
          "requires": {
            "minimist": "0.0.8"
          },
          "dependencies": {
            "minimist": {
              "version": "0.0.8",
              "resolved": "https://registry.npmjs.org/minimist/-/minimist-0.0.8.tgz",
              "integrity": "sha1-hX/Kv8M5fSYluCKCYuhqp6ARsF0="
            }
          }
        },
        "monocle": {
          "version": "1.1.51",
          "resolved": "https://registry.npmjs.org/monocle/-/monocle-1.1.51.tgz",
          "integrity": "sha1-Iu0W4RLpsFZ2nFzKySDjdSSdicA=",
          "requires": {
            "readdirp": "0.2.5"
          },
          "dependencies": {
            "readdirp": {
              "version": "0.2.5",
              "resolved": "https://registry.npmjs.org/readdirp/-/readdirp-0.2.5.tgz",
              "integrity": "sha1-xMJ25Sl3riXbUZH+UdAIVQ8V2bs=",
              "requires": {
                "minimatch": "3.0.3"
              },
              "dependencies": {
                "minimatch": {
                  "version": "3.0.3",
                  "resolved": "https://registry.npmjs.org/minimatch/-/minimatch-3.0.3.tgz",
                  "integrity": "sha1-Kk5AkLlrLbBqnX3wEFWmKnfJt3Q=",
                  "requires": {
                    "brace-expansion": "1.1.6"
                  },
                  "dependencies": {
                    "brace-expansion": {
                      "version": "1.1.6",
                      "resolved": "https://registry.npmjs.org/brace-expansion/-/brace-expansion-1.1.6.tgz",
                      "integrity": "sha1-cZfX6qm4fmSDkOph/GbIRCdCDfk=",
                      "requires": {
                        "balanced-match": "0.4.2",
                        "concat-map": "0.0.1"
                      },
                      "dependencies": {
                        "balanced-match": {
                          "version": "0.4.2",
                          "resolved": "https://registry.npmjs.org/balanced-match/-/balanced-match-0.4.2.tgz",
                          "integrity": "sha1-yz8+PHMtwPAe5wtAPzAuYddwmDg="
                        },
                        "concat-map": {
                          "version": "0.0.1",
                          "resolved": "https://registry.npmjs.org/concat-map/-/concat-map-0.0.1.tgz",
                          "integrity": "sha1-2Klr13/Wjfd5OnMDajug1UBdR3s="
                        }
                      }
                    }
                  }
                }
              }
            }
          }
        },
        "transformers": {
          "version": "2.1.0",
          "resolved": "https://registry.npmjs.org/transformers/-/transformers-2.1.0.tgz",
          "integrity": "sha1-XSPLNVYd2F3Gf7hIIwm0fVPM6ac=",
          "requires": {
            "css": "1.0.8",
            "promise": "2.0.0",
            "uglify-js": "2.2.5"
          },
          "dependencies": {
            "css": {
              "version": "1.0.8",
              "resolved": "https://registry.npmjs.org/css/-/css-1.0.8.tgz",
              "integrity": "sha1-k4aBHKgrzMnuf7WnMrHioxfIo+c=",
              "requires": {
                "css-parse": "1.0.4",
                "css-stringify": "1.0.5"
              },
              "dependencies": {
                "css-parse": {
                  "version": "1.0.4",
                  "resolved": "https://registry.npmjs.org/css-parse/-/css-parse-1.0.4.tgz",
                  "integrity": "sha1-OLBQP7+dqfVOnB29pg4UXHcRe90="
                },
                "css-stringify": {
                  "version": "1.0.5",
                  "resolved": "https://registry.npmjs.org/css-stringify/-/css-stringify-1.0.5.tgz",
                  "integrity": "sha1-sNBClG2ylTu50pKQCmy19tASIDE="
                }
              }
            },
            "promise": {
              "version": "2.0.0",
              "resolved": "https://registry.npmjs.org/promise/-/promise-2.0.0.tgz",
              "integrity": "sha1-RmSKqdYFr10ucMMCS/WUNtoCuA4=",
              "requires": {
                "is-promise": "1.0.1"
              },
              "dependencies": {
                "is-promise": {
                  "version": "1.0.1",
                  "resolved": "https://registry.npmjs.org/is-promise/-/is-promise-1.0.1.tgz",
                  "integrity": "sha1-MVc3YcBX4zwukaq56W2gjO++duU="
                }
              }
            },
            "uglify-js": {
              "version": "2.2.5",
              "resolved": "https://registry.npmjs.org/uglify-js/-/uglify-js-2.2.5.tgz",
              "integrity": "sha1-puAqcNg5eSuXgEiLe4sYTAlcmcc=",
              "requires": {
                "optimist": "0.3.7",
                "source-map": "0.1.43"
              },
              "dependencies": {
                "optimist": {
                  "version": "0.3.7",
                  "resolved": "https://registry.npmjs.org/optimist/-/optimist-0.3.7.tgz",
                  "integrity": "sha1-yQlBrVnkJzMokjB00s8ufLxuwNk=",
                  "requires": {
                    "wordwrap": "0.0.3"
                  },
                  "dependencies": {
                    "wordwrap": {
                      "version": "0.0.3",
                      "resolved": "https://registry.npmjs.org/wordwrap/-/wordwrap-0.0.3.tgz",
                      "integrity": "sha1-o9XabNXAvAAI03I0u68b7WMFkQc="
                    }
                  }
                },
                "source-map": {
                  "version": "0.1.43",
                  "resolved": "https://registry.npmjs.org/source-map/-/source-map-0.1.43.tgz",
                  "integrity": "sha1-wkvBRspRfBRx9drL4lcbK3+eM0Y=",
                  "requires": {
                    "amdefine": "1.0.1"
                  },
                  "dependencies": {
                    "amdefine": {
                      "version": "1.0.1",
                      "resolved": "https://registry.npmjs.org/amdefine/-/amdefine-1.0.1.tgz",
                      "integrity": "sha1-SlKCrBZHKek2Gbz9OtFR+BfOkfU="
                    }
                  }
                }
              }
            }
          }
        },
        "void-elements": {
          "version": "1.0.0",
          "resolved": "https://registry.npmjs.org/void-elements/-/void-elements-1.0.0.tgz",
          "integrity": "sha1-bl2x411ZH1rGkM4aNA95OoF7LCo="
        },
        "with": {
          "version": "3.0.1",
          "resolved": "https://registry.npmjs.org/with/-/with-3.0.1.tgz",
          "integrity": "sha1-CDVNpBAkPPYXP7FCuwTmxm+W+FQ=",
          "requires": {
            "uglify-js": "2.4.24"
          },
          "dependencies": {
            "uglify-js": {
              "version": "2.4.24",
              "resolved": "https://registry.npmjs.org/uglify-js/-/uglify-js-2.4.24.tgz",
              "integrity": "sha1-+tV1XB4Vd2WLsG/5q25UjJW+vW4=",
              "requires": {
                "async": "0.2.10",
                "source-map": "0.1.34",
                "uglify-to-browserify": "1.0.2",
                "yargs": "3.5.4"
              },
              "dependencies": {
                "async": {
                  "version": "0.2.10",
                  "resolved": "https://registry.npmjs.org/async/-/async-0.2.10.tgz",
                  "integrity": "sha1-trvgsGdLnXGXCMo43owjfLUmw9E="
                },
                "source-map": {
                  "version": "0.1.34",
                  "resolved": "https://registry.npmjs.org/source-map/-/source-map-0.1.34.tgz",
                  "integrity": "sha1-p8/omux7FoLDsZjQrPtH19CQVms=",
                  "requires": {
                    "amdefine": "1.0.1"
                  },
                  "dependencies": {
                    "amdefine": {
                      "version": "1.0.1",
                      "resolved": "https://registry.npmjs.org/amdefine/-/amdefine-1.0.1.tgz",
                      "integrity": "sha1-SlKCrBZHKek2Gbz9OtFR+BfOkfU="
                    }
                  }
                },
                "uglify-to-browserify": {
                  "version": "1.0.2",
                  "resolved": "https://registry.npmjs.org/uglify-to-browserify/-/uglify-to-browserify-1.0.2.tgz",
                  "integrity": "sha1-bgkk1r2mta/jSeOabWMoUKD4grc="
                },
                "yargs": {
                  "version": "3.5.4",
                  "resolved": "https://registry.npmjs.org/yargs/-/yargs-3.5.4.tgz",
                  "integrity": "sha1-2K/49mXpTDS9JZvevRv68N3TU2E=",
                  "requires": {
                    "camelcase": "1.2.1",
                    "decamelize": "1.2.0",
                    "window-size": "0.1.0",
                    "wordwrap": "0.0.2"
                  },
                  "dependencies": {
                    "camelcase": {
                      "version": "1.2.1",
                      "resolved": "https://registry.npmjs.org/camelcase/-/camelcase-1.2.1.tgz",
                      "integrity": "sha1-m7UwTS4LVmmLLHWLCKPqqdqlijk="
                    },
                    "decamelize": {
                      "version": "1.2.0",
                      "resolved": "https://registry.npmjs.org/decamelize/-/decamelize-1.2.0.tgz",
                      "integrity": "sha1-9lNNFRSCabIDUue+4m9QH5oZEpA="
                    },
                    "window-size": {
                      "version": "0.1.0",
                      "resolved": "https://registry.npmjs.org/window-size/-/window-size-0.1.0.tgz",
                      "integrity": "sha1-VDjNLqk7IC76Ohn+iIeu58lPnJ0="
                    },
                    "wordwrap": {
                      "version": "0.0.2",
                      "resolved": "https://registry.npmjs.org/wordwrap/-/wordwrap-0.0.2.tgz",
                      "integrity": "sha1-t5Zpu0LstAn4PVg8rVLKF+qhZD8="
                    }
                  }
                }
              }
            }
          }
        }
      }
    },
    "media-typer": {
      "version": "0.3.0",
      "resolved": "https://registry.npmjs.org/media-typer/-/media-typer-0.3.0.tgz",
      "integrity": "sha1-hxDXrwqmJvj/+hzgAWhUUmMlV0g="
    },
    "merge-descriptors": {
      "version": "0.0.2",
      "resolved": "https://registry.npmjs.org/merge-descriptors/-/merge-descriptors-0.0.2.tgz",
      "integrity": "sha1-w2pSp4FDdRPFcnXzndnTF1FKyMc="
    },
    "methods": {
      "version": "1.1.0",
      "resolved": "https://registry.npmjs.org/methods/-/methods-1.1.0.tgz",
      "integrity": "sha1-XcpO4S31L/OwVhRZhqjwHLyGQ28="
    },
    "mime": {
      "version": "1.2.11",
      "resolved": "https://registry.npmjs.org/mime/-/mime-1.2.11.tgz",
      "integrity": "sha1-WCA+7Ybjpe8XrtK32evUfwpg3RA="
    },
    "mime-types": {
      "version": "2.0.14",
      "resolved": "https://registry.npmjs.org/mime-types/-/mime-types-2.0.14.tgz",
      "integrity": "sha1-MQ4VnbI+B3+Lsit0jav6SVcUCqY=",
      "requires": {
        "mime-db": "1.12.0"
      },
      "dependencies": {
        "mime-db": {
          "version": "1.12.0",
          "resolved": "https://registry.npmjs.org/mime-db/-/mime-db-1.12.0.tgz",
          "integrity": "sha1-PQxjGA9FjrENMlqqN9fFiuMS6dc="
        }
      }
    },
    "mongo": {
      "version": "0.1.0",
      "resolved": "https://registry.npmjs.org/mongo/-/mongo-0.1.0.tgz",
      "integrity": "sha1-yK8PjfmNSJS3crNzQph8O+zzcYw=",
      "requires": {
        "mongodb": "2.2.35"
      }
    },
    "mongodb": {
      "version": "2.2.35",
      "resolved": "https://registry.npmjs.org/mongodb/-/mongodb-2.2.35.tgz",
      "integrity": "sha512-3HGLucDg/8EeYMin3k+nFWChTA85hcYDCw1lPsWR6yV9A6RgKb24BkLiZ9ySZR+S0nfBjWoIUS7cyV6ceGx5Gg==",
      "requires": {
        "es6-promise": "3.2.1",
        "mongodb-core": "2.1.19",
        "readable-stream": "2.2.7"
      },
      "dependencies": {
        "readable-stream": {
          "version": "2.2.7",
          "resolved": "https://registry.npmjs.org/readable-stream/-/readable-stream-2.2.7.tgz",
          "integrity": "sha1-BwV6y+JGeyIELTb5jFrVBwVOlbE=",
          "requires": {
            "buffer-shims": "1.0.0",
            "core-util-is": "1.0.2",
            "inherits": "2.0.3",
            "isarray": "1.0.0",
            "process-nextick-args": "1.0.7",
            "string_decoder": "1.0.3",
            "util-deprecate": "1.0.2"
          }
        }
      }
    },
    "mongodb-core": {
      "version": "2.1.19",
      "resolved": "https://registry.npmjs.org/mongodb-core/-/mongodb-core-2.1.19.tgz",
      "integrity": "sha512-Jt4AtWUkpuW03kRdYGxga4O65O1UHlFfvvInslEfLlGi+zDMxbBe3J2NVmN9qPJ957Mn6Iz0UpMtV80cmxCVxw==",
      "requires": {
        "bson": "1.0.6",
        "require_optional": "1.0.1"
      }
    },
    "morgan": {
      "version": "1.3.2",
      "resolved": "https://registry.npmjs.org/morgan/-/morgan-1.3.2.tgz",
      "integrity": "sha1-rEGqFSIe5OXyrIQ4lraRgTmhjv0=",
      "requires": {
        "basic-auth": "1.0.0",
        "depd": "0.4.5",
        "on-finished": "2.1.0"
      },
      "dependencies": {
        "basic-auth": {
          "version": "1.0.0",
          "resolved": "https://registry.npmjs.org/basic-auth/-/basic-auth-1.0.0.tgz",
          "integrity": "sha1-ERstn/jk5tE2uMhOpeCWy4c1Fjc="
        },
        "debug": {
          "version": "https://registry.npmjs.org/debug/-/debug-2.2.0.tgz",
          "integrity": "sha1-+HBX6ZWxofauaklgZkE3vFbwOdo=",
          "requires": {
            "ms": "0.7.1"
          },
          "dependencies": {
            "ms": {
              "version": "0.7.1",
              "resolved": "https://registry.npmjs.org/ms/-/ms-0.7.1.tgz",
              "integrity": "sha1-nNE8A62/8ltl7/3nzoZO6VIBcJg="
            }
          }
        },
        "depd": {
          "version": "0.4.5",
          "resolved": "https://registry.npmjs.org/depd/-/depd-0.4.5.tgz",
          "integrity": "sha1-GmZLUziLSmVz6K5ntfdnxpPKl/E="
        },
        "on-finished": {
          "version": "2.1.0",
          "resolved": "https://registry.npmjs.org/on-finished/-/on-finished-2.1.0.tgz",
          "integrity": "sha1-DFOfCSkej/rd4MiiWFD7LO3HAi0=",
          "requires": {
            "ee-first": "1.0.5"
          }
        },
        "on-headers": {
          "version": "https://registry.npmjs.org/on-headers/-/on-headers-1.0.1.tgz",
          "integrity": "sha1-ko9dD0cNSTQmUepnlLCFfBAGk/c="
        }
      }
    },
    "ms": {
      "version": "0.6.2",
      "resolved": "https://registry.npmjs.org/ms/-/ms-0.6.2.tgz",
      "integrity": "sha1-2JwhJMb9wTU9Zai3e/GqxLGTcIw="
    },
    "mysql": {
      "version": "2.15.0",
      "resolved": "https://registry.npmjs.org/mysql/-/mysql-2.15.0.tgz",
      "integrity": "sha512-C7tjzWtbN5nzkLIV+E8Crnl9bFyc7d3XJcBAvHKEVkjrYjogz3llo22q6s/hw+UcsE4/844pDob9ac+3dVjQSA==",
      "requires": {
        "bignumber.js": "4.0.4",
        "readable-stream": "2.3.3",
        "safe-buffer": "5.1.1",
        "sqlstring": "2.3.0"
      }
    },
    "negotiator": {
      "version": "0.4.9",
      "resolved": "https://registry.npmjs.org/negotiator/-/negotiator-0.4.9.tgz",
      "integrity": "sha1-kuRrbbU8fkIe1koryU8IvnYw3z8="
    },
    "node": {
      "version": "9.11.0",
      "resolved": "https://registry.npmjs.org/node/-/node-9.11.0.tgz",
      "integrity": "sha512-a4HV43+rHSgYaoGVr5PfnpTmiDeL4AmFsXKzRhBbkDLeRjBoQYENHs7mNCHlQRb9VFKRqXD5FDmadQFPznkUuQ==",
      "requires": {
        "node-bin-setup": "1.0.6"
      }
    },
    "node-bin-setup": {
      "version": "1.0.6",
      "resolved": "https://registry.npmjs.org/node-bin-setup/-/node-bin-setup-1.0.6.tgz",
      "integrity": "sha512-uPIxXNis1CRbv1DwqAxkgBk5NFV3s7cMN/Gf556jSw6jBvV7ca4F9lRL/8cALcZecRibeqU+5dFYqFFmzv5a0Q=="
    },
    "on-finished": {
      "version": "2.1.1",
      "resolved": "https://registry.npmjs.org/on-finished/-/on-finished-2.1.1.tgz",
      "integrity": "sha1-+CyhyeOk8yhrG5k4YQ5bhja9PLI=",
      "requires": {
        "ee-first": "1.1.0"
      },
      "dependencies": {
        "ee-first": {
          "version": "1.1.0",
          "resolved": "https://registry.npmjs.org/ee-first/-/ee-first-1.1.0.tgz",
          "integrity": "sha1-ag18YiHkkP7v2S7D9EHJzozQl/Q="
        }
      }
    },
    "parseurl": {
      "version": "1.3.2",
      "resolved": "https://registry.npmjs.org/parseurl/-/parseurl-1.3.2.tgz",
      "integrity": "sha1-/CidTtiZMRlGDBViUyYs3I3mW/M="
    },
    "path-to-regexp": {
      "version": "0.1.3",
      "resolved": "https://registry.npmjs.org/path-to-regexp/-/path-to-regexp-0.1.3.tgz",
      "integrity": "sha1-IbmrgidCed4lsVbqCP0SylG4rss="
    },
    "process-nextick-args": {
      "version": "1.0.7",
      "resolved": "https://registry.npmjs.org/process-nextick-args/-/process-nextick-args-1.0.7.tgz",
      "integrity": "sha1-FQ4gt1ZZCtP5EJPyWk8q2L/zC6M="
    },
    "proxy-addr": {
      "version": "1.0.10",
      "resolved": "https://registry.npmjs.org/proxy-addr/-/proxy-addr-1.0.10.tgz",
      "integrity": "sha1-DUCoL4Afw1VWfS7LZe/j8HfxIcU=",
      "requires": {
        "forwarded": "0.1.2",
        "ipaddr.js": "1.0.5"
      }
    },
    "qs": {
      "version": "2.2.4",
      "resolved": "https://registry.npmjs.org/qs/-/qs-2.2.4.tgz",
      "integrity": "sha1-Lp+800tUDjQhySTs0B6QqpdTGcg="
    },
    "range-parser": {
      "version": "1.0.3",
      "resolved": "https://registry.npmjs.org/range-parser/-/range-parser-1.0.3.tgz",
      "integrity": "sha1-aHKCNTXGkuLCoBA4Jq/YLC4P8XU="
    },
    "readable-stream": {
      "version": "2.3.3",
      "resolved": "https://registry.npmjs.org/readable-stream/-/readable-stream-2.3.3.tgz",
      "integrity": "sha512-m+qzzcn7KUxEmd1gMbchF+Y2eIUbieUaxkWtptyHywrX0rE8QEYqPC07Vuy4Wm32/xE16NcdBctb8S0Xe/5IeQ==",
      "requires": {
        "core-util-is": "1.0.2",
        "inherits": "2.0.3",
        "isarray": "1.0.0",
        "process-nextick-args": "1.0.7",
        "safe-buffer": "5.1.1",
        "string_decoder": "1.0.3",
        "util-deprecate": "1.0.2"
      }
    },
    "require_optional": {
      "version": "1.0.1",
      "resolved": "https://registry.npmjs.org/require_optional/-/require_optional-1.0.1.tgz",
      "integrity": "sha512-qhM/y57enGWHAe3v/NcwML6a3/vfESLe/sGM2dII+gEO0BpKRUkWZow/tyloNqJyN6kXSl3RyyM8Ll5D/sJP8g==",
      "requires": {
        "resolve-from": "2.0.0",
        "semver": "5.5.0"
      }
    },
    "resolve-from": {
      "version": "2.0.0",
      "resolved": "https://registry.npmjs.org/resolve-from/-/resolve-from-2.0.0.tgz",
      "integrity": "sha1-lICrIOlP+h2egKgEx+oUdhGWa1c="
    },
    "routes": {
      "version": "2.1.0",
      "resolved": "https://registry.npmjs.org/routes/-/routes-2.1.0.tgz",
      "integrity": "sha1-R1VxGSpI+ZtsBl3ZJrt16K6D6KI="
    },
    "safe-buffer": {
      "version": "5.1.1",
      "resolved": "https://registry.npmjs.org/safe-buffer/-/safe-buffer-5.1.1.tgz",
      "integrity": "sha512-kKvNJn6Mm93gAczWVJg7wH+wGYWNrDHdWvpUmHyEsgCtIwwo3bqPtV4tR5tuPaUhTOo/kvhVwd8XwwOllGYkbg=="
    },
    "semver": {
      "version": "5.5.0",
      "resolved": "https://registry.npmjs.org/semver/-/semver-5.5.0.tgz",
      "integrity": "sha512-4SJ3dm0WAwWy/NVeioZh5AntkdJoWKxHxcmyP622fOkgHa4z3R0TdBJICINyaSDE6uNwVc8gZr+ZinwZAH4xIA=="
    },
    "send": {
      "version": "0.9.3",
      "resolved": "https://registry.npmjs.org/send/-/send-0.9.3.tgz",
      "integrity": "sha1-tDp0FM0Im3++ybdVJG98N7e4XMA=",
      "requires": {
        "debug": "2.0.0",
        "depd": "0.4.5",
        "destroy": "1.0.3",
        "escape-html": "1.0.1",
        "etag": "1.4.0",
        "fresh": "0.2.4",
        "mime": "1.2.11",
        "ms": "0.6.2",
        "on-finished": "2.1.0",
        "range-parser": "1.0.3"
      },
      "dependencies": {
        "on-finished": {
          "version": "2.1.0",
          "resolved": "https://registry.npmjs.org/on-finished/-/on-finished-2.1.0.tgz",
          "integrity": "sha1-DFOfCSkej/rd4MiiWFD7LO3HAi0=",
          "requires": {
            "ee-first": "1.0.5"
          }
        }
      }
    },
    "serve-favicon": {
      "version": "2.1.7",
      "resolved": "https://registry.npmjs.org/serve-favicon/-/serve-favicon-2.1.7.tgz",
      "integrity": "sha1-e5EcDqTA+aKtaG2qUiJ2b3vH23k=",
      "requires": {
        "etag": "1.5.1",
        "fresh": "0.2.4",
        "ms": "0.6.2"
      },
      "dependencies": {
        "etag": {
          "version": "1.5.1",
          "resolved": "https://registry.npmjs.org/etag/-/etag-1.5.1.tgz",
          "integrity": "sha1-VMUN4E7kJpVWKSWsVmWIKRvn6eo=",
          "requires": {
            "crc": "3.2.1"
          },
          "dependencies": {
            "crc": {
              "version": "3.2.1",
              "resolved": "https://registry.npmjs.org/crc/-/crc-3.2.1.tgz",
              "integrity": "sha1-XZyPt3okXNXsopHl0tAFM0urAII="
            }
          }
        },
        "fresh": {
          "version": "0.2.4",
          "resolved": "https://registry.npmjs.org/fresh/-/fresh-0.2.4.tgz",
          "integrity": "sha1-NYJJkgbJcjcUGQ7ddLRgT+tKYUw="
        },
        "ms": {
          "version": "0.6.2",
          "resolved": "https://registry.npmjs.org/ms/-/ms-0.6.2.tgz",
          "integrity": "sha1-2JwhJMb9wTU9Zai3e/GqxLGTcIw="
        },
        "parseurl": {
          "version": "https://registry.npmjs.org/parseurl/-/parseurl-1.3.1.tgz",
          "integrity": "sha1-yKuMkiO6NIiKpkopeyiFO+wY2lY="
        }
      }
    },
    "serve-static": {
      "version": "1.6.5",
      "resolved": "https://registry.npmjs.org/serve-static/-/serve-static-1.6.5.tgz",
      "integrity": "sha1-rKF+DerEqHcp9geHgbfSf2OqPZw=",
      "requires": {
        "escape-html": "1.0.1",
        "parseurl": "1.3.2",
        "send": "0.9.3",
        "utils-merge": "1.0.0"
      }
    },
    "sqlstring": {
      "version": "2.3.0",
      "resolved": "https://registry.npmjs.org/sqlstring/-/sqlstring-2.3.0.tgz",
      "integrity": "sha1-UluKT9Jtb3GqYegipsr5dtMa0qg="
    },
    "string_decoder": {
      "version": "1.0.3",
      "resolved": "https://registry.npmjs.org/string_decoder/-/string_decoder-1.0.3.tgz",
      "integrity": "sha512-4AH6Z5fzNNBcH+6XDMfA/BTt87skxqJlO0lAh3Dker5zThcAxG6mKz+iGu308UKoPPQ8Dcqx/4JhujzltRa+hQ==",
      "requires": {
        "safe-buffer": "5.1.1"
      }
    },
    "stylus": {
      "version": "0.42.3",
      "resolved": "https://registry.npmjs.org/stylus/-/stylus-0.42.3.tgz",
      "integrity": "sha1-I+iz5x639gvEplfeSYyP65w2bDI=",
      "requires": {
        "css-parse": "1.7.0",
        "debug": "2.0.0",
        "glob": "3.2.11",
        "mkdirp": "0.3.5",
        "sax": "0.5.8"
      },
      "dependencies": {
        "css-parse": {
          "version": "1.7.0",
          "resolved": "https://registry.npmjs.org/css-parse/-/css-parse-1.7.0.tgz",
          "integrity": "sha1-Mh9s9zeCpv91ERE5D8BeLGV9jJs="
        },
        "glob": {
          "version": "3.2.11",
          "resolved": "https://registry.npmjs.org/glob/-/glob-3.2.11.tgz",
          "integrity": "sha1-Spc/Y1uRkPcV0QmH1cAP0oFevj0=",
          "requires": {
            "inherits": "2.0.3",
            "minimatch": "0.3.0"
          },
          "dependencies": {
            "minimatch": {
              "version": "0.3.0",
              "resolved": "https://registry.npmjs.org/minimatch/-/minimatch-0.3.0.tgz",
              "integrity": "sha1-J12O2qxPG7MyZHIInnlJyDlGmd0=",
              "requires": {
                "lru-cache": "2.7.3",
                "sigmund": "1.0.1"
              },
              "dependencies": {
                "lru-cache": {
                  "version": "2.7.3",
                  "resolved": "https://registry.npmjs.org/lru-cache/-/lru-cache-2.7.3.tgz",
                  "integrity": "sha1-bUUk6LlV+V1PW1iFHOId1y+06VI="
                },
                "sigmund": {
                  "version": "1.0.1",
                  "resolved": "https://registry.npmjs.org/sigmund/-/sigmund-1.0.1.tgz",
                  "integrity": "sha1-P/IfGYytIXX587eBhT/ZTQ0ZtZA="
                }
              }
            }
          }
        },
        "mkdirp": {
          "version": "0.3.5",
          "resolved": "https://registry.npmjs.org/mkdirp/-/mkdirp-0.3.5.tgz",
          "integrity": "sha1-3j5fiWHIjHh+4TaN+EmsRBPsqNc="
        },
        "sax": {
          "version": "0.5.8",
          "resolved": "https://registry.npmjs.org/sax/-/sax-0.5.8.tgz",
          "integrity": "sha1-1HLbIo6zMcJQaw6MFVJK25OdEsE="
        }
      }
    },
    "swig": {
      "version": "1.4.2",
      "resolved": "https://registry.npmjs.org/swig/-/swig-1.4.2.tgz",
      "integrity": "sha1-QIXKBFM2kQS11IPihBs5t64aq6U=",
      "requires": {
        "optimist": "0.6.1",
        "uglify-js": "2.4.24"
      },
      "dependencies": {
        "optimist": {
          "version": "0.6.1",
          "resolved": "https://registry.npmjs.org/optimist/-/optimist-0.6.1.tgz",
          "integrity": "sha1-2j6nRob6IaGaERwybpDrFaAZZoY=",
          "requires": {
            "minimist": "0.0.10",
            "wordwrap": "0.0.3"
          },
          "dependencies": {
            "minimist": {
              "version": "0.0.10",
              "resolved": "https://registry.npmjs.org/minimist/-/minimist-0.0.10.tgz",
              "integrity": "sha1-3j+YVD2/lggr5IrRoMfNqDYwHc8="
            },
            "wordwrap": {
              "version": "0.0.3",
              "resolved": "https://registry.npmjs.org/wordwrap/-/wordwrap-0.0.3.tgz",
              "integrity": "sha1-o9XabNXAvAAI03I0u68b7WMFkQc="
            }
          }
        },
        "uglify-js": {
          "version": "2.4.24",
          "resolved": "https://registry.npmjs.org/uglify-js/-/uglify-js-2.4.24.tgz",
          "integrity": "sha1-+tV1XB4Vd2WLsG/5q25UjJW+vW4=",
          "requires": {
            "async": "0.2.10",
            "source-map": "0.1.34",
            "uglify-to-browserify": "1.0.2",
            "yargs": "3.5.4"
          },
          "dependencies": {
            "async": {
              "version": "0.2.10",
              "resolved": "https://registry.npmjs.org/async/-/async-0.2.10.tgz",
              "integrity": "sha1-trvgsGdLnXGXCMo43owjfLUmw9E="
            },
            "source-map": {
              "version": "0.1.34",
              "resolved": "https://registry.npmjs.org/source-map/-/source-map-0.1.34.tgz",
              "integrity": "sha1-p8/omux7FoLDsZjQrPtH19CQVms=",
              "requires": {
                "amdefine": "1.0.1"
              },
              "dependencies": {
                "amdefine": {
                  "version": "1.0.1",
                  "resolved": "https://registry.npmjs.org/amdefine/-/amdefine-1.0.1.tgz",
                  "integrity": "sha1-SlKCrBZHKek2Gbz9OtFR+BfOkfU="
                }
              }
            },
            "uglify-to-browserify": {
              "version": "1.0.2",
              "resolved": "https://registry.npmjs.org/uglify-to-browserify/-/uglify-to-browserify-1.0.2.tgz",
              "integrity": "sha1-bgkk1r2mta/jSeOabWMoUKD4grc="
            },
            "yargs": {
              "version": "3.5.4",
              "resolved": "https://registry.npmjs.org/yargs/-/yargs-3.5.4.tgz",
              "integrity": "sha1-2K/49mXpTDS9JZvevRv68N3TU2E=",
              "requires": {
                "camelcase": "1.2.1",
                "decamelize": "1.2.0",
                "window-size": "0.1.0",
                "wordwrap": "0.0.2"
              },
              "dependencies": {
                "camelcase": {
                  "version": "1.2.1",
                  "resolved": "https://registry.npmjs.org/camelcase/-/camelcase-1.2.1.tgz",
                  "integrity": "sha1-m7UwTS4LVmmLLHWLCKPqqdqlijk="
                },
                "decamelize": {
                  "version": "1.2.0",
                  "resolved": "https://registry.npmjs.org/decamelize/-/decamelize-1.2.0.tgz",
                  "integrity": "sha1-9lNNFRSCabIDUue+4m9QH5oZEpA="
                },
                "window-size": {
                  "version": "0.1.0",
                  "resolved": "https://registry.npmjs.org/window-size/-/window-size-0.1.0.tgz",
                  "integrity": "sha1-VDjNLqk7IC76Ohn+iIeu58lPnJ0="
                },
                "wordwrap": {
                  "version": "0.0.2",
                  "resolved": "https://registry.npmjs.org/wordwrap/-/wordwrap-0.0.2.tgz",
                  "integrity": "sha1-t5Zpu0LstAn4PVg8rVLKF+qhZD8="
                }
              }
            }
          }
        }
      }
    },
    "type-is": {
      "version": "1.5.7",
      "resolved": "https://registry.npmjs.org/type-is/-/type-is-1.5.7.tgz",
      "integrity": "sha1-uTaKWTzG730GReeLL0xky+zQXpA=",
      "requires": {
        "media-typer": "0.3.0",
        "mime-types": "2.0.14"
      }
    },
    "util-deprecate": {
      "version": "1.0.2",
      "resolved": "https://registry.npmjs.org/util-deprecate/-/util-deprecate-1.0.2.tgz",
      "integrity": "sha1-RQ1Nyfpw3nMnYvvS1KKJgUGaDM8="
    },
    "utils-merge": {
      "version": "1.0.0",
      "resolved": "https://registry.npmjs.org/utils-merge/-/utils-merge-1.0.0.tgz",
      "integrity": "sha1-ApT7kiu5N1FTVBxPcJYjHyh8ivg="
    },
    "vary": {
      "version": "1.0.1",
      "resolved": "https://registry.npmjs.org/vary/-/vary-1.0.1.tgz",
      "integrity": "sha1-meSYFWaihhGN+yuBc1ffeZM3bRA="
    }
  }
}
